// !$*UTF8*$!
{
	archiveVersion = 1;
	classes = {
	};
	objectVersion = 50;
	objects = {

/* Begin PBXBuildFile section */
		71D20B2821320B4C0001E225 /* AppDelegate.swift in Sources */ = {isa = PBXBuildFile; fileRef = 71D20B2721320B4C0001E225 /* AppDelegate.swift */; };
		71D20B2A21320B4C0001E225 /* ViewController.swift in Sources */ = {isa = PBXBuildFile; fileRef = 71D20B2921320B4C0001E225 /* ViewController.swift */; };
		71D20B2D21320B4C0001E225 /* Main.storyboard in Resources */ = {isa = PBXBuildFile; fileRef = 71D20B2B21320B4C0001E225 /* Main.storyboard */; };
		71D20B2F21320B4E0001E225 /* Assets.xcassets in Resources */ = {isa = PBXBuildFile; fileRef = 71D20B2E21320B4E0001E225 /* Assets.xcassets */; };
		71D20B3221320B4E0001E225 /* LaunchScreen.storyboard in Resources */ = {isa = PBXBuildFile; fileRef = 71D20B3021320B4E0001E225 /* LaunchScreen.storyboard */; };
		71D20B3D21320B4E0001E225 /* OShameTests.swift in Sources */ = {isa = PBXBuildFile; fileRef = 71D20B3C21320B4E0001E225 /* OShameTests.swift */; };
/* End PBXBuildFile section */

/* Begin PBXContainerItemProxy section */
		71D20B3921320B4E0001E225 /* PBXContainerItemProxy */ = {
			isa = PBXContainerItemProxy;
			containerPortal = 71D20B1C21320B4C0001E225 /* Project object */;
			proxyType = 1;
			remoteGlobalIDString = 71D20B2321320B4C0001E225;
			remoteInfo = OShame;
		};
/* End PBXContainerItemProxy section */

/* Begin PBXFileReference section */
		71D20B2421320B4C0001E225 /* OShame.app */ = {isa = PBXFileReference; explicitFileType = wrapper.application; includeInIndex = 0; path = OShame.app; sourceTree = BUILT_PRODUCTS_DIR; };
		71D20B2721320B4C0001E225 /* AppDelegate.swift */ = {isa = PBXFileReference; lastKnownFileType = sourcecode.swift; path = AppDelegate.swift; sourceTree = "<group>"; };
		71D20B2921320B4C0001E225 /* ViewController.swift */ = {isa = PBXFileReference; lastKnownFileType = sourcecode.swift; path = ViewController.swift; sourceTree = "<group>"; };
		71D20B2C21320B4C0001E225 /* Base */ = {isa = PBXFileReference; lastKnownFileType = file.storyboard; name = Base; path = Base.lproj/Main.storyboard; sourceTree = "<group>"; };
		71D20B2E21320B4E0001E225 /* Assets.xcassets */ = {isa = PBXFileReference; lastKnownFileType = folder.assetcatalog; path = Assets.xcassets; sourceTree = "<group>"; };
		71D20B3121320B4E0001E225 /* Base */ = {isa = PBXFileReference; lastKnownFileType = file.storyboard; name = Base; path = Base.lproj/LaunchScreen.storyboard; sourceTree = "<group>"; };
		71D20B3321320B4E0001E225 /* Info.plist */ = {isa = PBXFileReference; lastKnownFileType = text.plist.xml; path = Info.plist; sourceTree = "<group>"; };
		71D20B3821320B4E0001E225 /* OShameTests.xctest */ = {isa = PBXFileReference; explicitFileType = wrapper.cfbundle; includeInIndex = 0; path = OShameTests.xctest; sourceTree = BUILT_PRODUCTS_DIR; };
		71D20B3C21320B4E0001E225 /* OShameTests.swift */ = {isa = PBXFileReference; lastKnownFileType = sourcecode.swift; path = OShameTests.swift; sourceTree = "<group>"; };
		71D20B3E21320B4E0001E225 /* Info.plist */ = {isa = PBXFileReference; lastKnownFileType = text.plist.xml; path = Info.plist; sourceTree = "<group>"; };
		71D20B4721320B6F0001E225 /* OShame.entitlements */ = {isa = PBXFileReference; lastKnownFileType = text.plist.entitlements; path = OShame.entitlements; sourceTree = "<group>"; };
/* End PBXFileReference section */

/* Begin PBXFrameworksBuildPhase section */
		71D20B2121320B4C0001E225 /* Frameworks */ = {
			isa = PBXFrameworksBuildPhase;
			buildActionMask = 2147483647;
			files = (
			);
			runOnlyForDeploymentPostprocessing = 0;
		};
		71D20B3521320B4E0001E225 /* Frameworks */ = {
			isa = PBXFrameworksBuildPhase;
			buildActionMask = 2147483647;
			files = (
			);
			runOnlyForDeploymentPostprocessing = 0;
		};
/* End PBXFrameworksBuildPhase section */

/* Begin PBXGroup section */
		71D20B1B21320B4C0001E225 = {
			isa = PBXGroup;
			children = (
				71D20B2621320B4C0001E225 /* OShame */,
				71D20B3B21320B4E0001E225 /* OShameTests */,
				71D20B2521320B4C0001E225 /* Products */,
			);
			sourceTree = "<group>";
		};
		71D20B2521320B4C0001E225 /* Products */ = {
			isa = PBXGroup;
			children = (
				71D20B2421320B4C0001E225 /* OShame.app */,
				71D20B3821320B4E0001E225 /* OShameTests.xctest */,
			);
			name = Products;
			sourceTree = "<group>";
		};
		71D20B2621320B4C0001E225 /* OShame */ = {
			isa = PBXGroup;
			children = (
				71D20B4721320B6F0001E225 /* OShame.entitlements */,
				71D20B2721320B4C0001E225 /* AppDelegate.swift */,
				71D20B2921320B4C0001E225 /* ViewController.swift */,
				71D20B2B21320B4C0001E225 /* Main.storyboard */,
				71D20B2E21320B4E0001E225 /* Assets.xcassets */,
				71D20B3021320B4E0001E225 /* LaunchScreen.storyboard */,
				71D20B3321320B4E0001E225 /* Info.plist */,
			);
			path = OShame;
			sourceTree = "<group>";
		};
		71D20B3B21320B4E0001E225 /* OShameTests */ = {
			isa = PBXGroup;
			children = (
				71D20B3C21320B4E0001E225 /* OShameTests.swift */,
				71D20B3E21320B4E0001E225 /* Info.plist */,
			);
			path = OShameTests;
			sourceTree = "<group>";
		};
/* End PBXGroup section */

/* Begin PBXNativeTarget section */
		71D20B2321320B4C0001E225 /* OShame */ = {
			isa = PBXNativeTarget;
			buildConfigurationList = 71D20B4121320B4E0001E225 /* Build configuration list for PBXNativeTarget "OShame" */;
			buildPhases = (
				71D20B2021320B4C0001E225 /* Sources */,
				71D20B2121320B4C0001E225 /* Frameworks */,
				71D20B2221320B4C0001E225 /* Resources */,
			);
			buildRules = (
			);
			dependencies = (
			);
			name = OShame;
			productName = OShame;
			productReference = 71D20B2421320B4C0001E225 /* OShame.app */;
			productType = "com.apple.product-type.application";
		};
		71D20B3721320B4E0001E225 /* OShameTests */ = {
			isa = PBXNativeTarget;
			buildConfigurationList = 71D20B4421320B4E0001E225 /* Build configuration list for PBXNativeTarget "OShameTests" */;
			buildPhases = (
				71D20B3421320B4E0001E225 /* Sources */,
				71D20B3521320B4E0001E225 /* Frameworks */,
				71D20B3621320B4E0001E225 /* Resources */,
			);
			buildRules = (
			);
			dependencies = (
				71D20B3A21320B4E0001E225 /* PBXTargetDependency */,
			);
			name = OShameTests;
			productName = OShameTests;
			productReference = 71D20B3821320B4E0001E225 /* OShameTests.xctest */;
			productType = "com.apple.product-type.bundle.unit-test";
		};
/* End PBXNativeTarget section */

/* Begin PBXProject section */
		71D20B1C21320B4C0001E225 /* Project object */ = {
			isa = PBXProject;
			attributes = {
				LastSwiftUpdateCheck = 0940;
				LastUpgradeCheck = 0940;
				ORGANIZATIONNAME = "Mauricio Chirino";
				TargetAttributes = {
					71D20B2321320B4C0001E225 = {
						CreatedOnToolsVersion = 9.4.1;
						SystemCapabilities = {
							com.apple.Push = {
								enabled = 1;
							};
						};
					};
					71D20B3721320B4E0001E225 = {
						CreatedOnToolsVersion = 9.4.1;
						TestTargetID = 71D20B2321320B4C0001E225;
					};
				};
			};
			buildConfigurationList = 71D20B1F21320B4C0001E225 /* Build configuration list for PBXProject "OShame" */;
			compatibilityVersion = "Xcode 9.3";
			developmentRegion = en;
			hasScannedForEncodings = 0;
			knownRegions = (
				en,
				Base,
			);
			mainGroup = 71D20B1B21320B4C0001E225;
			productRefGroup = 71D20B2521320B4C0001E225 /* Products */;
			projectDirPath = "";
			projectRoot = "";
			targets = (
				71D20B2321320B4C0001E225 /* OShame */,
				71D20B3721320B4E0001E225 /* OShameTests */,
			);
		};
/* End PBXProject section */

/* Begin PBXResourcesBuildPhase section */
		71D20B2221320B4C0001E225 /* Resources */ = {
			isa = PBXResourcesBuildPhase;
			buildActionMask = 2147483647;
			files = (
				71D20B3221320B4E0001E225 /* LaunchScreen.storyboard in Resources */,
				71D20B2F21320B4E0001E225 /* Assets.xcassets in Resources */,
				71D20B2D21320B4C0001E225 /* Main.storyboard in Resources */,
			);
			runOnlyForDeploymentPostprocessing = 0;
		};
		71D20B3621320B4E0001E225 /* Resources */ = {
			isa = PBXResourcesBuildPhase;
			buildActionMask = 2147483647;
			files = (
			);
			runOnlyForDeploymentPostprocessing = 0;
		};
/* End PBXResourcesBuildPhase section */

/* Begin PBXSourcesBuildPhase section */
		71D20B2021320B4C0001E225 /* Sources */ = {
			isa = PBXSourcesBuildPhase;
			buildActionMask = 2147483647;
			files = (
				71D20B2A21320B4C0001E225 /* ViewController.swift in Sources */,
				71D20B2821320B4C0001E225 /* AppDelegate.swift in Sources */,
			);
			runOnlyForDeploymentPostprocessing = 0;
		};
		71D20B3421320B4E0001E225 /* Sources */ = {
			isa = PBXSourcesBuildPhase;
			buildActionMask = 2147483647;
			files = (
				71D20B3D21320B4E0001E225 /* OShameTests.swift in Sources */,
			);
			runOnlyForDeploymentPostprocessing = 0;
		};
/* End PBXSourcesBuildPhase section */

/* Begin PBXTargetDependency section */
		71D20B3A21320B4E0001E225 /* PBXTargetDependency */ = {
			isa = PBXTargetDependency;
			target = 71D20B2321320B4C0001E225 /* OShame */;
			targetProxy = 71D20B3921320B4E0001E225 /* PBXContainerItemProxy */;
		};
/* End PBXTargetDependency section */

/* Begin PBXVariantGroup section */
		71D20B2B21320B4C0001E225 /* Main.storyboard */ = {
			isa = PBXVariantGroup;
			children = (
				71D20B2C21320B4C0001E225 /* Base */,
			);
			name = Main.storyboard;
			sourceTree = "<group>";
		};
		71D20B3021320B4E0001E225 /* LaunchScreen.storyboard */ = {
			isa = PBXVariantGroup;
			children = (
				71D20B3121320B4E0001E225 /* Base */,
			);
			name = LaunchScreen.storyboard;
			sourceTree = "<group>";
		};
/* End PBXVariantGroup section */

/* Begin XCBuildConfiguration section */
		71D20B3F21320B4E0001E225 /* Debug */ = {
			isa = XCBuildConfiguration;
			buildSettings = {
				ALWAYS_SEARCH_USER_PATHS = NO;
				CLANG_ANALYZER_NONNULL = YES;
				CLANG_ANALYZER_NUMBER_OBJECT_CONVERSION = YES_AGGRESSIVE;
				CLANG_CXX_LANGUAGE_STANDARD = "gnu++14";
				CLANG_CXX_LIBRARY = "libc++";
				CLANG_ENABLE_MODULES = YES;
				CLANG_ENABLE_OBJC_ARC = YES;
				CLANG_ENABLE_OBJC_WEAK = YES;
				CLANG_WARN_BLOCK_CAPTURE_AUTORELEASING = YES;
				CLANG_WARN_BOOL_CONVERSION = YES;
				CLANG_WARN_COMMA = YES;
				CLANG_WARN_CONSTANT_CONVERSION = YES;
				CLANG_WARN_DEPRECATED_OBJC_IMPLEMENTATIONS = YES;
				CLANG_WARN_DIRECT_OBJC_ISA_USAGE = YES_ERROR;
				CLANG_WARN_DOCUMENTATION_COMMENTS = YES;
				CLANG_WARN_EMPTY_BODY = YES;
				CLANG_WARN_ENUM_CONVERSION = YES;
				CLANG_WARN_INFINITE_RECURSION = YES;
				CLANG_WARN_INT_CONVERSION = YES;
				CLANG_WARN_NON_LITERAL_NULL_CONVERSION = YES;
				CLANG_WARN_OBJC_IMPLICIT_RETAIN_SELF = YES;
				CLANG_WARN_OBJC_LITERAL_CONVERSION = YES;
				CLANG_WARN_OBJC_ROOT_CLASS = YES_ERROR;
				CLANG_WARN_RANGE_LOOP_ANALYSIS = YES;
				CLANG_WARN_STRICT_PROTOTYPES = YES;
				CLANG_WARN_SUSPICIOUS_MOVE = YES;
				CLANG_WARN_UNGUARDED_AVAILABILITY = YES_AGGRESSIVE;
				CLANG_WARN_UNREACHABLE_CODE = YES;
				CLANG_WARN__DUPLICATE_METHOD_MATCH = YES;
				CODE_SIGN_IDENTITY = "iPhone Developer";
				COPY_PHASE_STRIP = NO;
				DEBUG_INFORMATION_FORMAT = dwarf;
				ENABLE_STRICT_OBJC_MSGSEND = YES;
				ENABLE_TESTABILITY = YES;
				GCC_C_LANGUAGE_STANDARD = gnu11;
				GCC_DYNAMIC_NO_PIC = NO;
				GCC_NO_COMMON_BLOCKS = YES;
				GCC_OPTIMIZATION_LEVEL = 0;
				GCC_PREPROCESSOR_DEFINITIONS = (
					"DEBUG=1",
					"$(inherited)",
				);
				GCC_WARN_64_TO_32_BIT_CONVERSION = YES;
				GCC_WARN_ABOUT_RETURN_TYPE = YES_ERROR;
				GCC_WARN_UNDECLARED_SELECTOR = YES;
				GCC_WARN_UNINITIALIZED_AUTOS = YES_AGGRESSIVE;
				GCC_WARN_UNUSED_FUNCTION = YES;
				GCC_WARN_UNUSED_VARIABLE = YES;
				IPHONEOS_DEPLOYMENT_TARGET = 11.4;
				MTL_ENABLE_DEBUG_INFO = YES;
				ONLY_ACTIVE_ARCH = YES;
				SDKROOT = iphoneos;
				SWIFT_ACTIVE_COMPILATION_CONDITIONS = DEBUG;
				SWIFT_OPTIMIZATION_LEVEL = "-Onone";
			};
			name = Debug;
		};
		71D20B4021320B4E0001E225 /* Release */ = {
			isa = XCBuildConfiguration;
			buildSettings = {
				ALWAYS_SEARCH_USER_PATHS = NO;
				CLANG_ANALYZER_NONNULL = YES;
				CLANG_ANALYZER_NUMBER_OBJECT_CONVERSION = YES_AGGRESSIVE;
				CLANG_CXX_LANGUAGE_STANDARD = "gnu++14";
				CLANG_CXX_LIBRARY = "libc++";
				CLANG_ENABLE_MODULES = YES;
				CLANG_ENABLE_OBJC_ARC = YES;
				CLANG_ENABLE_OBJC_WEAK = YES;
				CLANG_WARN_BLOCK_CAPTURE_AUTORELEASING = YES;
				CLANG_WARN_BOOL_CONVERSION = YES;
				CLANG_WARN_COMMA = YES;
				CLANG_WARN_CONSTANT_CONVERSION = YES;
				CLANG_WARN_DEPRECATED_OBJC_IMPLEMENTATIONS = YES;
				CLANG_WARN_DIRECT_OBJC_ISA_USAGE = YES_ERROR;
				CLANG_WARN_DOCUMENTATION_COMMENTS = YES;
				CLANG_WARN_EMPTY_BODY = YES;
				CLANG_WARN_ENUM_CONVERSION = YES;
				CLANG_WARN_INFINITE_RECURSION = YES;
				CLANG_WARN_INT_CONVERSION = YES;
				CLANG_WARN_NON_LITERAL_NULL_CONVERSION = YES;
				CLANG_WARN_OBJC_IMPLICIT_RETAIN_SELF = YES;
				CLANG_WARN_OBJC_LITERAL_CONVERSION = YES;
				CLANG_WARN_OBJC_ROOT_CLASS = YES_ERROR;
				CLANG_WARN_RANGE_LOOP_ANALYSIS = YES;
				CLANG_WARN_STRICT_PROTOTYPES = YES;
				CLANG_WARN_SUSPICIOUS_MOVE = YES;
				CLANG_WARN_UNGUARDED_AVAILABILITY = YES_AGGRESSIVE;
				CLANG_WARN_UNREACHABLE_CODE = YES;
				CLANG_WARN__DUPLICATE_METHOD_MATCH = YES;
				CODE_SIGN_IDENTITY = "iPhone Developer";
				COPY_PHASE_STRIP = NO;
				DEBUG_INFORMATION_FORMAT = "dwarf-with-dsym";
				ENABLE_NS_ASSERTIONS = NO;
				ENABLE_STRICT_OBJC_MSGSEND = YES;
				GCC_C_LANGUAGE_STANDARD = gnu11;
				GCC_NO_COMMON_BLOCKS = YES;
				GCC_WARN_64_TO_32_BIT_CONVERSION = YES;
				GCC_WARN_ABOUT_RETURN_TYPE = YES_ERROR;
				GCC_WARN_UNDECLARED_SELECTOR = YES;
				GCC_WARN_UNINITIALIZED_AUTOS = YES_AGGRESSIVE;
				GCC_WARN_UNUSED_FUNCTION = YES;
				GCC_WARN_UNUSED_VARIABLE = YES;
				IPHONEOS_DEPLOYMENT_TARGET = 11.4;
				MTL_ENABLE_DEBUG_INFO = NO;
				SDKROOT = iphoneos;
				SWIFT_COMPILATION_MODE = wholemodule;
				SWIFT_OPTIMIZATION_LEVEL = "-O";
				VALIDATE_PRODUCT = YES;
			};
			name = Release;
		};
		71D20B4221320B4E0001E225 /* Debug */ = {
			isa = XCBuildConfiguration;
			buildSettings = {
				ASSETCATALOG_COMPILER_APPICON_NAME = AppIcon;
				CODE_SIGN_ENTITLEMENTS = OShame/OShame.entitlements;
				CODE_SIGN_STYLE = Automatic;
				DEVELOPMENT_TEAM = F7CXK2PKWD;
				INFOPLIST_FILE = OShame/Info.plist;
				LD_RUNPATH_SEARCH_PATHS = (
					"$(inherited)",
					"@executable_path/Frameworks",
				);
				PRODUCT_BUNDLE_IDENTIFIER = "-codegeeks.OShame";
				PRODUCT_NAME = "$(TARGET_NAME)";
				SWIFT_VERSION = 4.0;
				TARGETED_DEVICE_FAMILY = "1,2";
			};
			name = Debug;
		};
		71D20B4321320B4E0001E225 /* Release */ = {
			isa = XCBuildConfiguration;
			buildSettings = {
				ASSETCATALOG_COMPILER_APPICON_NAME = AppIcon;
				CODE_SIGN_ENTITLEMENTS = OShame/OShame.entitlements;
				CODE_SIGN_STYLE = Automatic;
				DEVELOPMENT_TEAM = F7CXK2PKWD;
				INFOPLIST_FILE = OShame/Info.plist;
				LD_RUNPATH_SEARCH_PATHS = (
					"$(inherited)",
					"@executable_path/Frameworks",
				);
				PRODUCT_BUNDLE_IDENTIFIER = "-codegeeks.OShame";
				PRODUCT_NAME = "$(TARGET_NAME)";
				SWIFT_VERSION = 4.0;
				TARGETED_DEVICE_FAMILY = "1,2";
			};
			name = Release;
		};
		71D20B4521320B4E0001E225 /* Debug */ = {
			isa = XCBuildConfiguration;
			buildSettings = {
				ALWAYS_EMBED_SWIFT_STANDARD_LIBRARIES = YES;
				BUNDLE_LOADER = "$(TEST_HOST)";
				CODE_SIGN_STYLE = Automatic;
				DEVELOPMENT_TEAM = F7CXK2PKWD;
				INFOPLIST_FILE = OShameTests/Info.plist;
				LD_RUNPATH_SEARCH_PATHS = (
					"$(inherited)",
					"@executable_path/Frameworks",
					"@loader_path/Frameworks",
				);
				PRODUCT_BUNDLE_IDENTIFIER = "-codegeeks.OShameTests";
				PRODUCT_NAME = "$(TARGET_NAME)";
				SWIFT_VERSION = 4.0;
				TARGETED_DEVICE_FAMILY = "1,2";
				TEST_HOST = "$(BUILT_PRODUCTS_DIR)/OShame.app/OShame";
			};
			name = Debug;
		};
		71D20B4621320B4E0001E225 /* Release */ = {
			isa = XCBuildConfiguration;
			buildSettings = {
				ALWAYS_EMBED_SWIFT_STANDARD_LIBRARIES = YES;
				BUNDLE_LOADER = "$(TEST_HOST)";
				CODE_SIGN_STYLE = Automatic;
				DEVELOPMENT_TEAM = F7CXK2PKWD;
				INFOPLIST_FILE = OShameTests/Info.plist;
				LD_RUNPATH_SEARCH_PATHS = (
					"$(inherited)",
					"@executable_path/Frameworks",
					"@loader_path/Frameworks",
				);
				PRODUCT_BUNDLE_IDENTIFIER = "-codegeeks.OShameTests";
				PRODUCT_NAME = "$(TARGET_NAME)";
				SWIFT_VERSION = 4.0;
				TARGETED_DEVICE_FAMILY = "1,2";
				TEST_HOST = "$(BUILT_PRODUCTS_DIR)/OShame.app/OShame";
			};
			name = Release;
		};
/* End XCBuildConfiguration section */

/* Begin XCConfigurationList section */
		71D20B1F21320B4C0001E225 /* Build configuration list for PBXProject "OShame" */ = {
			isa = XCConfigurationList;
			buildConfigurations = (
				71D20B3F21320B4E0001E225 /* Debug */,
				71D20B4021320B4E0001E225 /* Release */,
			);
			defaultConfigurationIsVisible = 0;
			defaultConfigurationName = Release;
		};
		71D20B4121320B4E0001E225 /* Build configuration list for PBXNativeTarget "OShame" */ = {
			isa = XCConfigurationList;
			buildConfigurations = (
				71D20B4221320B4E0001E225 /* Debug */,
				71D20B4321320B4E0001E225 /* Release */,
			);
			defaultConfigurationIsVisible = 0;
			defaultConfigurationName = Release;
		};
		71D20B4421320B4E0001E225 /* Build configuration list for PBXNativeTarget "OShameTests" */ = {
			isa = XCConfigurationList;
			buildConfigurations = (
				71D20B4521320B4E0001E225 /* Debug */,
				71D20B4621320B4E0001E225 /* Release */,
			);
			defaultConfigurationIsVisible = 0;
			defaultConfigurationName = Release;
		};
/* End XCConfigurationList section */
	};
	rootObject = 71D20B1C21320B4C0001E225 /* Project object */;
}
